<?xml version="1.0" encoding="utf-8"?>
<Project ToolsVersion="4.0" xmlns="http://schemas.microsoft.com/developer/msbuild/2003">
  <ItemGroup>
    <Filter Include="소스 파일">
      <UniqueIdentifier>{4FC737F1-C7A5-4376-A066-2A32D752A2FF}</UniqueIdentifier>
      <Extensions>cpp;c;cc;cxx;def;odl;idl;hpj;bat;asm;asmx</Extensions>
    </Filter>
    <Filter Include="헤더 파일">
      <UniqueIdentifier>{93995380-89BD-4b04-88EB-625FBE52EBFB}</UniqueIdentifier>
      <Extensions>h;hh;hpp;hxx;hm;inl;inc;xsd</Extensions>
    </Filter>
    <Filter Include="리소스 파일">
      <UniqueIdentifier>{67DA6AB6-F800-4c08-8B7A-83BB121AAD01}</UniqueIdentifier>
      <Extensions>rc;ico;cur;bmp;dlg;rc2;rct;bin;rgs;gif;jpg;jpeg;jpe;resx;tiff;tif;png;wav;mfcribbon-ms</Extensions>
    </Filter>
  </ItemGroup>
  <ItemGroup>
    <Text Include="ReadMe.txt" />
  </ItemGroup>
  <ItemGroup>
    <ClInclude Include="MFCApplication3.h">
      <Filter>헤더 파일</Filter>
    </ClInclude>
    <ClInclude Include="MFCApplication3Dlg.h">
      <Filter>헤더 파일</Filter>
    </ClInclude>
    <ClInclude Include="stdafx.h">
      <Filter>헤더 파일</Filter>
    </ClInclude>
    <ClInclude Include="targetver.h">
      <Filter>헤더 파일</Filter>
    </ClInclude>
    <ClInclude Include="Resource.h">
      <Filter>헤더 파일</Filter>
    </ClInclude>
    <ClInclude Include="Room1_C1.h">
      <Filter>헤더 파일</Filter>
    </ClInclude>
    <ClInclude Include="Room1_C2.h">
      <Filter>헤더 파일</Filter>
    </ClInclude>
    <ClInclude Include="Room1_C3.h">
      <Filter>헤더 파일</Filter>
    </ClInclude>
    <ClInclude Include="Room1_C4.h">
      <Filter>헤더 파일</Filter>
    </ClInclude>
    <ClInclude Include="Room1_C5.h">
      <Filter>헤더 파일</Filter>
    </ClInclude>
    <ClInclude Include="Room1_C6.h">
      <Filter>헤더 파일</Filter>
    </ClInclude>
    <ClInclude Include="Main_start.h">
      <Filter>헤더 파일</Filter>
    </ClInclude>
    <ClInclude Include="Room1_C4_h1.h">
      <Filter>헤더 파일</Filter>
    </ClInclude>
    <ClInclude Include="Nop.h">
      <Filter>헤더 파일</Filter>
    </ClInclude>
    <ClInclude Include="Room1_C5_h2.h">
      <Filter>헤더 파일</Filter>
    </ClInclude>
    <ClInclude Include="Explain.h">
      <Filter>헤더 파일</Filter>
    </ClInclude>
    <ClInclude Include="C_Ghoast.h">
      <Filter>헤더 파일</Filter>
    </ClInclude>
    <ClInclude Include="Room1_C6_h3.h">
      <Filter>헤더 파일</Filter>
    </ClInclude>
    <ClInclude Include="Room2_C1.h">
      <Filter>헤더 파일</Filter>
    </ClInclude>
    <ClInclude Include="Room2_C2.h">
      <Filter>헤더 파일</Filter>
    </ClInclude>
    <ClInclude Include="Room2_C3.h">
      <Filter>헤더 파일</Filter>
    </ClInclude>
    <ClInclude Include="Room2_C4_h1.h">
      <Filter>헤더 파일</Filter>
    </ClInclude>
    <ClInclude Include="Room2_C5.h">
      <Filter>헤더 파일</Filter>
    </ClInclude>
    <ClInclude Include="Room2_C5_h2.h">
      <Filter>헤더 파일</Filter>
    </ClInclude>
    <ClInclude Include="Room2_C6.h">
      <Filter>헤더 파일</Filter>
    </ClInclude>
    <ClInclude Include="Room2_C6_h3.h">
      <Filter>헤더 파일</Filter>
    </ClInclude>
    <ClInclude Include="Room2_C4.h">
      <Filter>헤더 파일</Filter>
    </ClInclude>
    <ClInclude Include="M_Nop2.h">
      <Filter>헤더 파일</Filter>
    </ClInclude>
    <ClInclude Include="M_music.h">
      <Filter>헤더 파일</Filter>
    </ClInclude>
    <ClInclude Include="Room3_C_Home.h">
      <Filter>헤더 파일</Filter>
    </ClInclude>
    <ClInclude Include="Room3_C1.h">
      <Filter>헤더 파일</Filter>
    </ClInclude>
    <ClInclude Include="Room3_C2.h">
      <Filter>헤더 파일</Filter>
    </ClInclude>
    <ClInclude Include="Room3_C3.h">
      <Filter>헤더 파일</Filter>
    </ClInclude>
    <ClInclude Include="Room3_C4.h">
      <Filter>헤더 파일</Filter>
    </ClInclude>
    <ClInclude Include="Room3_C4_h1.h">
      <Filter>헤더 파일</Filter>
    </ClInclude>
    <ClInclude Include="Room3_C5.h">
      <Filter>헤더 파일</Filter>
    </ClInclude>
    <ClInclude Include="Room3_C6.h">
      <Filter>헤더 파일</Filter>
    </ClInclude>
    <ClInclude Include="Room3_C6_h3.h">
      <Filter>헤더 파일</Filter>
    </ClInclude>
    <ClInclude Include="Room3_C5_h2.h">
      <Filter>헤더 파일</Filter>
    </ClInclude>
    <ClInclude Include="Room3_C_info.h">
      <Filter>헤더 파일</Filter>
    </ClInclude>
    <ClInclude Include="Room3_C6_Check1.h">
      <Filter>헤더 파일</Filter>
    </ClInclude>
    <ClInclude Include="Room3_C6_Check2.h">
      <Filter>헤더 파일</Filter>
    </ClInclude>
    <ClInclude Include="TheEnd.h">
      <Filter>헤더 파일</Filter>
    </ClInclude>
    <ClInclude Include="TheEnd2.h">
      <Filter>헤더 파일</Filter>
    </ClInclude>
    <ClInclude Include="TheEnd3.h">
      <Filter>헤더 파일</Filter>
    </ClInclude>
    <ClInclude Include="TheEnd4.h">
      <Filter>헤더 파일</Filter>
    </ClInclude>
    <ClInclude Include="FINALEND.h">
      <Filter>헤더 파일</Filter>
    </ClInclude>
  </ItemGroup>
  <ItemGroup>
    <ClCompile Include="MFCApplication3.cpp">
      <Filter>소스 파일</Filter>
    </ClCompile>
    <ClCompile Include="MFCApplication3Dlg.cpp">
      <Filter>소스 파일</Filter>
    </ClCompile>
    <ClCompile Include="stdafx.cpp">
      <Filter>소스 파일</Filter>
    </ClCompile>
    <ClCompile Include="Room1_C1.cpp">
      <Filter>소스 파일</Filter>
    </ClCompile>
    <ClCompile Include="Room1_C2.cpp">
      <Filter>소스 파일</Filter>
    </ClCompile>
    <ClCompile Include="Room1_C3.cpp">
      <Filter>소스 파일</Filter>
    </ClCompile>
    <ClCompile Include="Room1_C4.cpp">
      <Filter>소스 파일</Filter>
    </ClCompile>
    <ClCompile Include="Room1_C5.cpp">
      <Filter>소스 파일</Filter>
    </ClCompile>
    <ClCompile Include="Room1_C6.cpp">
      <Filter>소스 파일</Filter>
    </ClCompile>
    <ClCompile Include="Main_start.cpp">
      <Filter>소스 파일</Filter>
    </ClCompile>
    <ClCompile Include="Room1_C4_h1.cpp">
      <Filter>소스 파일</Filter>
    </ClCompile>
    <ClCompile Include="Nop.cpp">
      <Filter>소스 파일</Filter>
    </ClCompile>
    <ClCompile Include="Room1_C5_h2.cpp">
      <Filter>소스 파일</Filter>
    </ClCompile>
    <ClCompile Include="Explain.cpp">
      <Filter>소스 파일</Filter>
    </ClCompile>
    <ClCompile Include="C_Ghoast.cpp">
      <Filter>소스 파일</Filter>
    </ClCompile>
    <ClCompile Include="Room1_C6_h3.cpp">
      <Filter>소스 파일</Filter>
    </ClCompile>
    <ClCompile Include="Room2_C1.cpp">
      <Filter>소스 파일</Filter>
    </ClCompile>
    <ClCompile Include="Room2_C2.cpp">
      <Filter>소스 파일</Filter>
    </ClCompile>
    <ClCompile Include="Room2_C3.cpp">
      <Filter>소스 파일</Filter>
    </ClCompile>
    <ClCompile Include="Room2_C4_h1.cpp">
      <Filter>소스 파일</Filter>
    </ClCompile>
    <ClCompile Include="Room2_C5.cpp">
      <Filter>소스 파일</Filter>
    </ClCompile>
    <ClCompile Include="Room2_C5_h2.cpp">
      <Filter>소스 파일</Filter>
    </ClCompile>
    <ClCompile Include="Room2_C6.cpp">
      <Filter>소스 파일</Filter>
    </ClCompile>
    <ClCompile Include="Room2_C6_h3.cpp">
      <Filter>소스 파일</Filter>
    </ClCompile>
    <ClCompile Include="Room2_C4.cpp">
      <Filter>소스 파일</Filter>
    </ClCompile>
    <ClCompile Include="M_Nop2.cpp">
      <Filter>소스 파일</Filter>
    </ClCompile>
    <ClCompile Include="M_music.cpp">
      <Filter>소스 파일</Filter>
    </ClCompile>
    <ClCompile Include="Room3_C_Home.cpp">
      <Filter>소스 파일</Filter>
    </ClCompile>
    <ClCompile Include="Room3_C1.cpp">
      <Filter>소스 파일</Filter>
    </ClCompile>
    <ClCompile Include="Room3_C2.cpp">
      <Filter>소스 파일</Filter>
    </ClCompile>
    <ClCompile Include="Room3_C3.cpp">
      <Filter>소스 파일</Filter>
    </ClCompile>
    <ClCompile Include="Room3_C4.cpp">
      <Filter>소스 파일</Filter>
    </ClCompile>
    <ClCompile Include="Room3_C4_h1.cpp">
      <Filter>소스 파일</Filter>
    </ClCompile>
    <ClCompile Include="Room3_C5.cpp">
      <Filter>소스 파일</Filter>
    </ClCompile>
    <ClCompile Include="Room3_C6.cpp">
      <Filter>소스 파일</Filter>
    </ClCompile>
    <ClCompile Include="Room3_C6_h3.cpp">
      <Filter>소스 파일</Filter>
    </ClCompile>
    <ClCompile Include="Room3_C5_h2.cpp">
      <Filter>소스 파일</Filter>
    </ClCompile>
    <ClCompile Include="Room3_C_info.cpp">
      <Filter>소스 파일</Filter>
    </ClCompile>
    <ClCompile Include="Room3_C6_Check1.cpp">
      <Filter>소스 파일</Filter>
    </ClCompile>
    <ClCompile Include="Room3_C6_Check2.cpp">
      <Filter>소스 파일</Filter>
    </ClCompile>
    <ClCompile Include="TheEnd.cpp">
      <Filter>소스 파일</Filter>
    </ClCompile>
    <ClCompile Include="TheEnd2.cpp">
      <Filter>소스 파일</Filter>
    </ClCompile>
    <ClCompile Include="TheEnd3.cpp">
      <Filter>소스 파일</Filter>
    </ClCompile>
    <ClCompile Include="TheEnd4.cpp">
      <Filter>소스 파일</Filter>
    </ClCompile>
    <ClCompile Include="FINALEND.cpp">
      <Filter>소스 파일</Filter>
    </ClCompile>
  </ItemGroup>
  <ItemGroup>
    <ResourceCompile Include="MFCApplication3.rc">
      <Filter>리소스 파일</Filter>
    </ResourceCompile>
  </ItemGroup>
  <ItemGroup>
    <None Include="res\MFCApplication3.rc2">
      <Filter>리소스 파일</Filter>
    </None>
  </ItemGroup>
  <ItemGroup>
    <Image Include="res\MFCApplication3.ico">
      <Filter>리소스 파일</Filter>
    </Image>
    <Image Include="res\bitmap1.bmp">
      <Filter>리소스 파일</Filter>
    </Image>
    <Image Include="res\bmp00001.bmp">
      <Filter>리소스 파일</Filter>
    </Image>
    <Image Include="res\bmp00002.bmp">
      <Filter>리소스 파일</Filter>
    </Image>
    <Image Include="res\bitmap2.bmp">
      <Filter>리소스 파일</Filter>
    </Image>
    <Image Include="res\bitmap3.bmp">
      <Filter>리소스 파일</Filter>
    </Image>
    <Image Include="res\bitmap4.bmp">
      <Filter>리소스 파일</Filter>
    </Image>
    <Image Include="res\bmp00003.bmp">
      <Filter>리소스 파일</Filter>
    </Image>
    <Image Include="res\bmp00004.bmp">
      <Filter>리소스 파일</Filter>
    </Image>
    <Image Include="res\bmp00005.bmp">
      <Filter>리소스 파일</Filter>
    </Image>
    <Image Include="res\bmp00006.bmp">
      <Filter>리소스 파일</Filter>
    </Image>
    <Image Include="res\bitmap5.bmp">
      <Filter>리소스 파일</Filter>
    </Image>
    <Image Include="res\bitmap6.bmp">
      <Filter>리소스 파일</Filter>
    </Image>
    <Image Include="res\bmp00007.bmp">
      <Filter>리소스 파일</Filter>
    </Image>
    <Image Include="res\bmp00008.bmp">
      <Filter>리소스 파일</Filter>
    </Image>
    <Image Include="res\bmp00009.bmp">
      <Filter>리소스 파일</Filter>
    </Image>
    <Image Include="res\bmp00010.bmp">
      <Filter>리소스 파일</Filter>
    </Image>
    <Image Include="res\bmp00011.bmp">
      <Filter>리소스 파일</Filter>
    </Image>
    <Image Include="res\bmp00012.bmp">
      <Filter>리소스 파일</Filter>
    </Image>
  </ItemGroup>
</Project>